
Microsoft Visual Studio Solution File, Format Version 12.00
# Visual Studio 2017
Project("{FAE04EC0-301F-11D3-BF4B-00C04F79EFBC}") = "Arraia", "Arraia.csproj", "{BEB2A2BD-DDD7-6390-F5A3-18BC908A6EBB}"
EndProject
Global
	GlobalSection(SolutionConfigurationPlatforms) = preSolution
		Debug|Any CPU = Debug|Any CPU
		Release|Any CPU = Release|Any CPU
	EndGlobalSection
	GlobalSection(ProjectConfigurationPlatforms) = postSolution
		{BEB2A2BD-DDD7-6390-F5A3-18BC908A6EBB}.Debug|Any CPU.ActiveCfg = Debug|Any CPU
		{BEB2A2BD-DDD7-6390-F5A3-18BC908A6EBB}.Debug|Any CPU.Build.0 = Debug|Any CPU
		{BEB2A2BD-DDD7-6390-F5A3-18BC908A6EBB}.Release|Any CPU.ActiveCfg = Release|Any CPU
		{BEB2A2BD-DDD7-6390-F5A3-18BC908A6EBB}.Release|Any CPU.Build.0 = Release|Any CPU
	EndGlobalSection
	GlobalSection(SolutionProperties) = preSolution
		HideSolutionNode = FALSE
	EndGlobalSection
EndGlobal
